// !$*UTF8*$!
{
	archiveVersion = 1;
	classes = {
	};
	objectVersion = 46;
	objects = {

/* Begin PBXBuildFile section */
		0423C32C192B002C00B37931 /* EGORefreshTableHeaderView.m in Sources */ = {isa = PBXBuildFile; fileRef = 0423C322192B002C00B37931 /* EGORefreshTableHeaderView.m */; settings = {COMPILER_FLAGS = "-fno-objc-arc"; }; };
		0423C32D192B002C00B37931 /* blackArrow.png in Resources */ = {isa = PBXBuildFile; fileRef = 0423C324192B002C00B37931 /* blackArrow.png */; };
		0423C32E192B002C00B37931 /* blackArrow@2x.png in Resources */ = {isa = PBXBuildFile; fileRef = 0423C325192B002C00B37931 /* blackArrow@2x.png */; };
		0423C32F192B002C00B37931 /* blueArrow.png in Resources */ = {isa = PBXBuildFile; fileRef = 0423C326192B002C00B37931 /* blueArrow.png */; };
		0423C330192B002C00B37931 /* blueArrow@2x.png in Resources */ = {isa = PBXBuildFile; fileRef = 0423C327192B002C00B37931 /* blueArrow@2x.png */; };
		0423C331192B002C00B37931 /* grayArrow.png in Resources */ = {isa = PBXBuildFile; fileRef = 0423C328192B002C00B37931 /* grayArrow.png */; };
		0423C332192B002C00B37931 /* grayArrow@2x.png in Resources */ = {isa = PBXBuildFile; fileRef = 0423C329192B002C00B37931 /* grayArrow@2x.png */; };
		0423C333192B002C00B37931 /* whiteArrow.png in Resources */ = {isa = PBXBuildFile; fileRef = 0423C32A192B002C00B37931 /* whiteArrow.png */; };
		0423C334192B002C00B37931 /* whiteArrow@2x.png in Resources */ = {isa = PBXBuildFile; fileRef = 0423C32B192B002C00B37931 /* whiteArrow@2x.png */; };
		0423C338192B049B00B37931 /* PullRefreshTableViewDataSource.m in Sources */ = {isa = PBXBuildFile; fileRef = 0423C337192B049B00B37931 /* PullRefreshTableViewDataSource.m */; };
		0423C33C192B056500B37931 /* PullRefreshTableView.m in Sources */ = {isa = PBXBuildFile; fileRef = 0423C33B192B056500B37931 /* PullRefreshTableView.m */; };
		0423C340192B079000B37931 /* PrivilegeDataSource.m in Sources */ = {isa = PBXBuildFile; fileRef = 0423C33F192B079000B37931 /* PrivilegeDataSource.m */; };
		0423C342192B199800B37931 /* icon-gear@2x.png in Resources */ = {isa = PBXBuildFile; fileRef = 0423C341192B199800B37931 /* icon-gear@2x.png */; };
		0434947C1929E77C0003F137 /* PrivilegeTableViewCell.m in Sources */ = {isa = PBXBuildFile; fileRef = 0434947B1929E77C0003F137 /* PrivilegeTableViewCell.m */; };
		0434947F1929EC2C0003F137 /* Privilege.m in Sources */ = {isa = PBXBuildFile; fileRef = 0434947E1929EC2C0003F137 /* Privilege.m */; };
		044FD658192DFBB200901AB3 /* EGORefreshTableFootView.m in Sources */ = {isa = PBXBuildFile; fileRef = 044FD657192DFBB200901AB3 /* EGORefreshTableFootView.m */; settings = {COMPILER_FLAGS = "-fno-objc-arc"; }; };
		04D236D61923152C00C6A547 /* Foundation.framework in Frameworks */ = {isa = PBXBuildFile; fileRef = 04D236D51923152C00C6A547 /* Foundation.framework */; };
		04D236D81923152C00C6A547 /* CoreGraphics.framework in Frameworks */ = {isa = PBXBuildFile; fileRef = 04D236D71923152C00C6A547 /* CoreGraphics.framework */; };
		04D236DA1923152C00C6A547 /* UIKit.framework in Frameworks */ = {isa = PBXBuildFile; fileRef = 04D236D91923152C00C6A547 /* UIKit.framework */; };
		04D236E01923152C00C6A547 /* InfoPlist.strings in Resources */ = {isa = PBXBuildFile; fileRef = 04D236DE1923152C00C6A547 /* InfoPlist.strings */; };
		04D236E21923152C00C6A547 /* main.m in Sources */ = {isa = PBXBuildFile; fileRef = 04D236E11923152C00C6A547 /* main.m */; };
		04D236E61923152C00C6A547 /* AppDelegate.m in Sources */ = {isa = PBXBuildFile; fileRef = 04D236E51923152C00C6A547 /* AppDelegate.m */; };
		04D236E81923152C00C6A547 /* Images.xcassets in Resources */ = {isa = PBXBuildFile; fileRef = 04D236E71923152C00C6A547 /* Images.xcassets */; };
		04D236EF1923152C00C6A547 /* XCTest.framework in Frameworks */ = {isa = PBXBuildFile; fileRef = 04D236EE1923152C00C6A547 /* XCTest.framework */; };
		04D236F01923152C00C6A547 /* Foundation.framework in Frameworks */ = {isa = PBXBuildFile; fileRef = 04D236D51923152C00C6A547 /* Foundation.framework */; };
		04D236F11923152C00C6A547 /* UIKit.framework in Frameworks */ = {isa = PBXBuildFile; fileRef = 04D236D91923152C00C6A547 /* UIKit.framework */; };
		04D236F91923152C00C6A547 /* InfoPlist.strings in Resources */ = {isa = PBXBuildFile; fileRef = 04D236F71923152C00C6A547 /* InfoPlist.strings */; };
		04D236FB1923152C00C6A547 /* BankYiDouTests.m in Sources */ = {isa = PBXBuildFile; fileRef = 04D236FA1923152C00C6A547 /* BankYiDouTests.m */; };
		04D2370B192315EE00C6A547 /* LoginViewController.m in Sources */ = {isa = PBXBuildFile; fileRef = 04D2370A192315EE00C6A547 /* LoginViewController.m */; };
		04D2370E19233F2400C6A547 /* Main.storyboard in Resources */ = {isa = PBXBuildFile; fileRef = 04D2370D19233F2400C6A547 /* Main.storyboard */; };
		04F039B519261091006BE202 /* CustomerTabBarViewController.m in Sources */ = {isa = PBXBuildFile; fileRef = 04F039B419261091006BE202 /* CustomerTabBarViewController.m */; };
		04F039B81926116F006BE202 /* PrivilegeViewController.m in Sources */ = {isa = PBXBuildFile; fileRef = 04F039B71926116F006BE202 /* PrivilegeViewController.m */; };
		04F039CE192616AB006BE202 /* AFHTTPRequestOperation.m in Sources */ = {isa = PBXBuildFile; fileRef = 04F039BC192616AB006BE202 /* AFHTTPRequestOperation.m */; };
		04F039CF192616AB006BE202 /* AFHTTPRequestOperationManager.m in Sources */ = {isa = PBXBuildFile; fileRef = 04F039BE192616AB006BE202 /* AFHTTPRequestOperationManager.m */; };
		04F039D0192616AB006BE202 /* AFHTTPSessionManager.m in Sources */ = {isa = PBXBuildFile; fileRef = 04F039C0192616AB006BE202 /* AFHTTPSessionManager.m */; };
		04F039D1192616AB006BE202 /* AFNetworkReachabilityManager.m in Sources */ = {isa = PBXBuildFile; fileRef = 04F039C3192616AB006BE202 /* AFNetworkReachabilityManager.m */; };
		04F039D2192616AB006BE202 /* AFSecurityPolicy.m in Sources */ = {isa = PBXBuildFile; fileRef = 04F039C5192616AB006BE202 /* AFSecurityPolicy.m */; };
		04F039D3192616AB006BE202 /* AFURLConnectionOperation.m in Sources */ = {isa = PBXBuildFile; fileRef = 04F039C7192616AB006BE202 /* AFURLConnectionOperation.m */; };
		04F039D4192616AB006BE202 /* AFURLRequestSerialization.m in Sources */ = {isa = PBXBuildFile; fileRef = 04F039C9192616AB006BE202 /* AFURLRequestSerialization.m */; };
		04F039D5192616AB006BE202 /* AFURLResponseSerialization.m in Sources */ = {isa = PBXBuildFile; fileRef = 04F039CB192616AB006BE202 /* AFURLResponseSerialization.m */; };
		04F039D6192616AB006BE202 /* AFURLSessionManager.m in Sources */ = {isa = PBXBuildFile; fileRef = 04F039CD192616AB006BE202 /* AFURLSessionManager.m */; };
		04F039E9192616C0006BE202 /* AFNetworkActivityIndicatorManager.m in Sources */ = {isa = PBXBuildFile; fileRef = 04F039D9192616C0006BE202 /* AFNetworkActivityIndicatorManager.m */; };
		04F039EA192616C0006BE202 /* UIActivityIndicatorView+AFNetworking.m in Sources */ = {isa = PBXBuildFile; fileRef = 04F039DB192616C0006BE202 /* UIActivityIndicatorView+AFNetworking.m */; };
		04F039EB192616C0006BE202 /* UIAlertView+AFNetworking.m in Sources */ = {isa = PBXBuildFile; fileRef = 04F039DD192616C0006BE202 /* UIAlertView+AFNetworking.m */; };
		04F039EC192616C0006BE202 /* UIButton+AFNetworking.m in Sources */ = {isa = PBXBuildFile; fileRef = 04F039DF192616C0006BE202 /* UIButton+AFNetworking.m */; };
		04F039ED192616C0006BE202 /* UIImageView+AFNetworking.m in Sources */ = {isa = PBXBuildFile; fileRef = 04F039E1192616C0006BE202 /* UIImageView+AFNetworking.m */; };
		04F039EE192616C0006BE202 /* UIProgressView+AFNetworking.m in Sources */ = {isa = PBXBuildFile; fileRef = 04F039E4192616C0006BE202 /* UIProgressView+AFNetworking.m */; };
		04F039EF192616C0006BE202 /* UIRefreshControl+AFNetworking.m in Sources */ = {isa = PBXBuildFile; fileRef = 04F039E6192616C0006BE202 /* UIRefreshControl+AFNetworking.m */; };
		04F039F0192616C0006BE202 /* UIWebView+AFNetworking.m in Sources */ = {isa = PBXBuildFile; fileRef = 04F039E8192616C0006BE202 /* UIWebView+AFNetworking.m */; };
		04F039F619261742006BE202 /* BankAppAPIClient.m in Sources */ = {isa = PBXBuildFile; fileRef = 04F039F519261742006BE202 /* BankAppAPIClient.m */; };
		04F039F9192618D5006BE202 /* Eduo后台接口说明文档.docx in Resources */ = {isa = PBXBuildFile; fileRef = 04F039F8192618D5006BE202 /* Eduo后台接口说明文档.docx */; };
/* End PBXBuildFile section */

/* Begin PBXContainerItemProxy section */
		04D236F21923152C00C6A547 /* PBXContainerItemProxy */ = {
			isa = PBXContainerItemProxy;
			containerPortal = 04D236CA1923152C00C6A547 /* Project object */;
			proxyType = 1;
			remoteGlobalIDString = 04D236D11923152C00C6A547;
			remoteInfo = BankYiDou;
		};
/* End PBXContainerItemProxy section */

/* Begin PBXFileReference section */
		0423C321192B002C00B37931 /* EGORefreshTableHeaderView.h */ = {isa = PBXFileReference; fileEncoding = 4; lastKnownFileType = sourcecode.c.h; path = EGORefreshTableHeaderView.h; sourceTree = "<group>"; };
		0423C322192B002C00B37931 /* EGORefreshTableHeaderView.m */ = {isa = PBXFileReference; fileEncoding = 4; lastKnownFileType = sourcecode.c.objc; path = EGORefreshTableHeaderView.m; sourceTree = "<group>"; };
		0423C324192B002C00B37931 /* blackArrow.png */ = {isa = PBXFileReference; lastKnownFileType = image.png; path = blackArrow.png; sourceTree = "<group>"; };
		0423C325192B002C00B37931 /* blackArrow@2x.png */ = {isa = PBXFileReference; lastKnownFileType = image.png; path = "blackArrow@2x.png"; sourceTree = "<group>"; };
		0423C326192B002C00B37931 /* blueArrow.png */ = {isa = PBXFileReference; lastKnownFileType = image.png; path = blueArrow.png; sourceTree = "<group>"; };
		0423C327192B002C00B37931 /* blueArrow@2x.png */ = {isa = PBXFileReference; lastKnownFileType = image.png; path = "blueArrow@2x.png"; sourceTree = "<group>"; };
		0423C328192B002C00B37931 /* grayArrow.png */ = {isa = PBXFileReference; lastKnownFileType = image.png; path = grayArrow.png; sourceTree = "<group>"; };
		0423C329192B002C00B37931 /* grayArrow@2x.png */ = {isa = PBXFileReference; lastKnownFileType = image.png; path = "grayArrow@2x.png"; sourceTree = "<group>"; };
		0423C32A192B002C00B37931 /* whiteArrow.png */ = {isa = PBXFileReference; lastKnownFileType = image.png; path = whiteArrow.png; sourceTree = "<group>"; };
		0423C32B192B002C00B37931 /* whiteArrow@2x.png */ = {isa = PBXFileReference; lastKnownFileType = image.png; path = "whiteArrow@2x.png"; sourceTree = "<group>"; };
		0423C336192B049B00B37931 /* PullRefreshTableViewDataSource.h */ = {isa = PBXFileReference; fileEncoding = 4; lastKnownFileType = sourcecode.c.h; path = PullRefreshTableViewDataSource.h; sourceTree = "<group>"; };
		0423C337192B049B00B37931 /* PullRefreshTableViewDataSource.m */ = {isa = PBXFileReference; fileEncoding = 4; lastKnownFileType = sourcecode.c.objc; path = PullRefreshTableViewDataSource.m; sourceTree = "<group>"; };
		0423C33A192B056500B37931 /* PullRefreshTableView.h */ = {isa = PBXFileReference; fileEncoding = 4; lastKnownFileType = sourcecode.c.h; path = PullRefreshTableView.h; sourceTree = "<group>"; };
		0423C33B192B056500B37931 /* PullRefreshTableView.m */ = {isa = PBXFileReference; fileEncoding = 4; lastKnownFileType = sourcecode.c.objc; path = PullRefreshTableView.m; sourceTree = "<group>"; };
		0423C33E192B079000B37931 /* PrivilegeDataSource.h */ = {isa = PBXFileReference; fileEncoding = 4; lastKnownFileType = sourcecode.c.h; path = PrivilegeDataSource.h; sourceTree = "<group>"; };
		0423C33F192B079000B37931 /* PrivilegeDataSource.m */ = {isa = PBXFileReference; fileEncoding = 4; lastKnownFileType = sourcecode.c.objc; path = PrivilegeDataSource.m; sourceTree = "<group>"; };
		0423C341192B199800B37931 /* icon-gear@2x.png */ = {isa = PBXFileReference; lastKnownFileType = image.png; path = "icon-gear@2x.png"; sourceTree = "<group>"; };
		0434947A1929E77C0003F137 /* PrivilegeTableViewCell.h */ = {isa = PBXFileReference; fileEncoding = 4; lastKnownFileType = sourcecode.c.h; path = PrivilegeTableViewCell.h; sourceTree = "<group>"; };
		0434947B1929E77C0003F137 /* PrivilegeTableViewCell.m */ = {isa = PBXFileReference; fileEncoding = 4; lastKnownFileType = sourcecode.c.objc; path = PrivilegeTableViewCell.m; sourceTree = "<group>"; };
		0434947D1929EC2C0003F137 /* Privilege.h */ = {isa = PBXFileReference; fileEncoding = 4; lastKnownFileType = sourcecode.c.h; path = Privilege.h; sourceTree = "<group>"; };
		0434947E1929EC2C0003F137 /* Privilege.m */ = {isa = PBXFileReference; fileEncoding = 4; lastKnownFileType = sourcecode.c.objc; path = Privilege.m; sourceTree = "<group>"; };
		044FD656192DFBB200901AB3 /* EGORefreshTableFootView.h */ = {isa = PBXFileReference; fileEncoding = 4; lastKnownFileType = sourcecode.c.h; path = EGORefreshTableFootView.h; sourceTree = "<group>"; };
		044FD657192DFBB200901AB3 /* EGORefreshTableFootView.m */ = {isa = PBXFileReference; fileEncoding = 4; lastKnownFileType = sourcecode.c.objc; path = EGORefreshTableFootView.m; sourceTree = "<group>"; };
		04D236D21923152C00C6A547 /* BankYiDou.app */ = {isa = PBXFileReference; explicitFileType = wrapper.application; includeInIndex = 0; path = BankYiDou.app; sourceTree = BUILT_PRODUCTS_DIR; };
		04D236D51923152C00C6A547 /* Foundation.framework */ = {isa = PBXFileReference; lastKnownFileType = wrapper.framework; name = Foundation.framework; path = System/Library/Frameworks/Foundation.framework; sourceTree = SDKROOT; };
		04D236D71923152C00C6A547 /* CoreGraphics.framework */ = {isa = PBXFileReference; lastKnownFileType = wrapper.framework; name = CoreGraphics.framework; path = System/Library/Frameworks/CoreGraphics.framework; sourceTree = SDKROOT; };
		04D236D91923152C00C6A547 /* UIKit.framework */ = {isa = PBXFileReference; lastKnownFileType = wrapper.framework; name = UIKit.framework; path = System/Library/Frameworks/UIKit.framework; sourceTree = SDKROOT; };
		04D236DD1923152C00C6A547 /* BankYiDou-Info.plist */ = {isa = PBXFileReference; lastKnownFileType = text.plist.xml; path = "BankYiDou-Info.plist"; sourceTree = "<group>"; };
		04D236DF1923152C00C6A547 /* en */ = {isa = PBXFileReference; lastKnownFileType = text.plist.strings; name = en; path = en.lproj/InfoPlist.strings; sourceTree = "<group>"; };
		04D236E11923152C00C6A547 /* main.m */ = {isa = PBXFileReference; lastKnownFileType = sourcecode.c.objc; path = main.m; sourceTree = "<group>"; };
		04D236E31923152C00C6A547 /* BankYiDou-Prefix.pch */ = {isa = PBXFileReference; lastKnownFileType = sourcecode.c.h; path = "BankYiDou-Prefix.pch"; sourceTree = "<group>"; };
		04D236E41923152C00C6A547 /* AppDelegate.h */ = {isa = PBXFileReference; lastKnownFileType = sourcecode.c.h; path = AppDelegate.h; sourceTree = "<group>"; };
		04D236E51923152C00C6A547 /* AppDelegate.m */ = {isa = PBXFileReference; lastKnownFileType = sourcecode.c.objc; path = AppDelegate.m; sourceTree = "<group>"; };
		04D236E71923152C00C6A547 /* Images.xcassets */ = {isa = PBXFileReference; lastKnownFileType = folder.assetcatalog; path = Images.xcassets; sourceTree = "<group>"; };
		04D236ED1923152C00C6A547 /* BankYiDouTests.xctest */ = {isa = PBXFileReference; explicitFileType = wrapper.cfbundle; includeInIndex = 0; path = BankYiDouTests.xctest; sourceTree = BUILT_PRODUCTS_DIR; };
		04D236EE1923152C00C6A547 /* XCTest.framework */ = {isa = PBXFileReference; lastKnownFileType = wrapper.framework; name = XCTest.framework; path = Library/Frameworks/XCTest.framework; sourceTree = DEVELOPER_DIR; };
		04D236F61923152C00C6A547 /* BankYiDouTests-Info.plist */ = {isa = PBXFileReference; lastKnownFileType = text.plist.xml; path = "BankYiDouTests-Info.plist"; sourceTree = "<group>"; };
		04D236F81923152C00C6A547 /* en */ = {isa = PBXFileReference; lastKnownFileType = text.plist.strings; name = en; path = en.lproj/InfoPlist.strings; sourceTree = "<group>"; };
		04D236FA1923152C00C6A547 /* BankYiDouTests.m */ = {isa = PBXFileReference; lastKnownFileType = sourcecode.c.objc; path = BankYiDouTests.m; sourceTree = "<group>"; };
		04D23709192315EE00C6A547 /* LoginViewController.h */ = {isa = PBXFileReference; fileEncoding = 4; lastKnownFileType = sourcecode.c.h; path = LoginViewController.h; sourceTree = "<group>"; };
		04D2370A192315EE00C6A547 /* LoginViewController.m */ = {isa = PBXFileReference; fileEncoding = 4; lastKnownFileType = sourcecode.c.objc; path = LoginViewController.m; sourceTree = "<group>"; };
		04D2370D19233F2400C6A547 /* Main.storyboard */ = {isa = PBXFileReference; fileEncoding = 4; lastKnownFileType = file.storyboard; name = Main.storyboard; path = ../Main.storyboard; sourceTree = "<group>"; };
		04F039B319261091006BE202 /* CustomerTabBarViewController.h */ = {isa = PBXFileReference; fileEncoding = 4; lastKnownFileType = sourcecode.c.h; path = CustomerTabBarViewController.h; sourceTree = "<group>"; };
		04F039B419261091006BE202 /* CustomerTabBarViewController.m */ = {isa = PBXFileReference; fileEncoding = 4; lastKnownFileType = sourcecode.c.objc; path = CustomerTabBarViewController.m; sourceTree = "<group>"; };
		04F039B61926116F006BE202 /* PrivilegeViewController.h */ = {isa = PBXFileReference; fileEncoding = 4; lastKnownFileType = sourcecode.c.h; name = PrivilegeViewController.h; path = ../PrivilegeViewController.h; sourceTree = "<group>"; };
		04F039B71926116F006BE202 /* PrivilegeViewController.m */ = {isa = PBXFileReference; fileEncoding = 4; lastKnownFileType = sourcecode.c.objc; name = PrivilegeViewController.m; path = ../PrivilegeViewController.m; sourceTree = "<group>"; };
		04F039BB192616AB006BE202 /* AFHTTPRequestOperation.h */ = {isa = PBXFileReference; fileEncoding = 4; lastKnownFileType = sourcecode.c.h; path = AFHTTPRequestOperation.h; sourceTree = "<group>"; };
		04F039BC192616AB006BE202 /* AFHTTPRequestOperation.m */ = {isa = PBXFileReference; fileEncoding = 4; lastKnownFileType = sourcecode.c.objc; path = AFHTTPRequestOperation.m; sourceTree = "<group>"; };
		04F039BD192616AB006BE202 /* AFHTTPRequestOperationManager.h */ = {isa = PBXFileReference; fileEncoding = 4; lastKnownFileType = sourcecode.c.h; path = AFHTTPRequestOperationManager.h; sourceTree = "<group>"; };
		04F039BE192616AB006BE202 /* AFHTTPRequestOperationManager.m */ = {isa = PBXFileReference; fileEncoding = 4; lastKnownFileType = sourcecode.c.objc; path = AFHTTPRequestOperationManager.m; sourceTree = "<group>"; };
		04F039BF192616AB006BE202 /* AFHTTPSessionManager.h */ = {isa = PBXFileReference; fileEncoding = 4; lastKnownFileType = sourcecode.c.h; path = AFHTTPSessionManager.h; sourceTree = "<group>"; };
		04F039C0192616AB006BE202 /* AFHTTPSessionManager.m */ = {isa = PBXFileReference; fileEncoding = 4; lastKnownFileType = sourcecode.c.objc; path = AFHTTPSessionManager.m; sourceTree = "<group>"; };
		04F039C1192616AB006BE202 /* AFNetworking.h */ = {isa = PBXFileReference; fileEncoding = 4; lastKnownFileType = sourcecode.c.h; path = AFNetworking.h; sourceTree = "<group>"; };
		04F039C2192616AB006BE202 /* AFNetworkReachabilityManager.h */ = {isa = PBXFileReference; fileEncoding = 4; lastKnownFileType = sourcecode.c.h; path = AFNetworkReachabilityManager.h; sourceTree = "<group>"; };
		04F039C3192616AB006BE202 /* AFNetworkReachabilityManager.m */ = {isa = PBXFileReference; fileEncoding = 4; lastKnownFileType = sourcecode.c.objc; path = AFNetworkReachabilityManager.m; sourceTree = "<group>"; };
		04F039C4192616AB006BE202 /* AFSecurityPolicy.h */ = {isa = PBXFileReference; fileEncoding = 4; lastKnownFileType = sourcecode.c.h; path = AFSecurityPolicy.h; sourceTree = "<group>"; };
		04F039C5192616AB006BE202 /* AFSecurityPolicy.m */ = {isa = PBXFileReference; fileEncoding = 4; lastKnownFileType = sourcecode.c.objc; path = AFSecurityPolicy.m; sourceTree = "<group>"; };
		04F039C6192616AB006BE202 /* AFURLConnectionOperation.h */ = {isa = PBXFileReference; fileEncoding = 4; lastKnownFileType = sourcecode.c.h; path = AFURLConnectionOperation.h; sourceTree = "<group>"; };
		04F039C7192616AB006BE202 /* AFURLConnectionOperation.m */ = {isa = PBXFileReference; fileEncoding = 4; lastKnownFileType = sourcecode.c.objc; path = AFURLConnectionOperation.m; sourceTree = "<group>"; };
		04F039C8192616AB006BE202 /* AFURLRequestSerialization.h */ = {isa = PBXFileReference; fileEncoding = 4; lastKnownFileType = sourcecode.c.h; path = AFURLRequestSerialization.h; sourceTree = "<group>"; };
		04F039C9192616AB006BE202 /* AFURLRequestSerialization.m */ = {isa = PBXFileReference; fileEncoding = 4; lastKnownFileType = sourcecode.c.objc; path = AFURLRequestSerialization.m; sourceTree = "<group>"; };
		04F039CA192616AB006BE202 /* AFURLResponseSerialization.h */ = {isa = PBXFileReference; fileEncoding = 4; lastKnownFileType = sourcecode.c.h; path = AFURLResponseSerialization.h; sourceTree = "<group>"; };
		04F039CB192616AB006BE202 /* AFURLResponseSerialization.m */ = {isa = PBXFileReference; fileEncoding = 4; lastKnownFileType = sourcecode.c.objc; path = AFURLResponseSerialization.m; sourceTree = "<group>"; };
		04F039CC192616AB006BE202 /* AFURLSessionManager.h */ = {isa = PBXFileReference; fileEncoding = 4; lastKnownFileType = sourcecode.c.h; path = AFURLSessionManager.h; sourceTree = "<group>"; };
		04F039CD192616AB006BE202 /* AFURLSessionManager.m */ = {isa = PBXFileReference; fileEncoding = 4; lastKnownFileType = sourcecode.c.objc; path = AFURLSessionManager.m; sourceTree = "<group>"; };
		04F039D8192616C0006BE202 /* AFNetworkActivityIndicatorManager.h */ = {isa = PBXFileReference; fileEncoding = 4; lastKnownFileType = sourcecode.c.h; path = AFNetworkActivityIndicatorManager.h; sourceTree = "<group>"; };
		04F039D9192616C0006BE202 /* AFNetworkActivityIndicatorManager.m */ = {isa = PBXFileReference; fileEncoding = 4; lastKnownFileType = sourcecode.c.objc; path = AFNetworkActivityIndicatorManager.m; sourceTree = "<group>"; };
		04F039DA192616C0006BE202 /* UIActivityIndicatorView+AFNetworking.h */ = {isa = PBXFileReference; fileEncoding = 4; lastKnownFileType = sourcecode.c.h; path = "UIActivityIndicatorView+AFNetworking.h"; sourceTree = "<group>"; };
		04F039DB192616C0006BE202 /* UIActivityIndicatorView+AFNetworking.m */ = {isa = PBXFileReference; fileEncoding = 4; lastKnownFileType = sourcecode.c.objc; path = "UIActivityIndicatorView+AFNetworking.m"; sourceTree = "<group>"; };
		04F039DC192616C0006BE202 /* UIAlertView+AFNetworking.h */ = {isa = PBXFileReference; fileEncoding = 4; lastKnownFileType = sourcecode.c.h; path = "UIAlertView+AFNetworking.h"; sourceTree = "<group>"; };
		04F039DD192616C0006BE202 /* UIAlertView+AFNetworking.m */ = {isa = PBXFileReference; fileEncoding = 4; lastKnownFileType = sourcecode.c.objc; path = "UIAlertView+AFNetworking.m"; sourceTree = "<group>"; };
		04F039DE192616C0006BE202 /* UIButton+AFNetworking.h */ = {isa = PBXFileReference; fileEncoding = 4; lastKnownFileType = sourcecode.c.h; path = "UIButton+AFNetworking.h"; sourceTree = "<group>"; };
		04F039DF192616C0006BE202 /* UIButton+AFNetworking.m */ = {isa = PBXFileReference; fileEncoding = 4; lastKnownFileType = sourcecode.c.objc; path = "UIButton+AFNetworking.m"; sourceTree = "<group>"; };
		04F039E0192616C0006BE202 /* UIImageView+AFNetworking.h */ = {isa = PBXFileReference; fileEncoding = 4; lastKnownFileType = sourcecode.c.h; path = "UIImageView+AFNetworking.h"; sourceTree = "<group>"; };
		04F039E1192616C0006BE202 /* UIImageView+AFNetworking.m */ = {isa = PBXFileReference; fileEncoding = 4; lastKnownFileType = sourcecode.c.objc; path = "UIImageView+AFNetworking.m"; sourceTree = "<group>"; };
		04F039E2192616C0006BE202 /* UIKit+AFNetworking.h */ = {isa = PBXFileReference; fileEncoding = 4; lastKnownFileType = sourcecode.c.h; path = "UIKit+AFNetworking.h"; sourceTree = "<group>"; };
		04F039E3192616C0006BE202 /* UIProgressView+AFNetworking.h */ = {isa = PBXFileReference; fileEncoding = 4; lastKnownFileType = sourcecode.c.h; path = "UIProgressView+AFNetworking.h"; sourceTree = "<group>"; };
		04F039E4192616C0006BE202 /* UIProgressView+AFNetworking.m */ = {isa = PBXFileReference; fileEncoding = 4; lastKnownFileType = sourcecode.c.objc; path = "UIProgressView+AFNetworking.m"; sourceTree = "<group>"; };
		04F039E5192616C0006BE202 /* UIRefreshControl+AFNetworking.h */ = {isa = PBXFileReference; fileEncoding = 4; lastKnownFileType = sourcecode.c.h; path = "UIRefreshControl+AFNetworking.h"; sourceTree = "<group>"; };
		04F039E6192616C0006BE202 /* UIRefreshControl+AFNetworking.m */ = {isa = PBXFileReference; fileEncoding = 4; lastKnownFileType = sourcecode.c.objc; path = "UIRefreshControl+AFNetworking.m"; sourceTree = "<group>"; };
		04F039E7192616C0006BE202 /* UIWebView+AFNetworking.h */ = {isa = PBXFileReference; fileEncoding = 4; lastKnownFileType = sourcecode.c.h; path = "UIWebView+AFNetworking.h"; sourceTree = "<group>"; };
		04F039E8192616C0006BE202 /* UIWebView+AFNetworking.m */ = {isa = PBXFileReference; fileEncoding = 4; lastKnownFileType = sourcecode.c.objc; path = "UIWebView+AFNetworking.m"; sourceTree = "<group>"; };
		04F039F419261742006BE202 /* BankAppAPIClient.h */ = {isa = PBXFileReference; fileEncoding = 4; lastKnownFileType = sourcecode.c.h; path = BankAppAPIClient.h; sourceTree = "<group>"; };
		04F039F519261742006BE202 /* BankAppAPIClient.m */ = {isa = PBXFileReference; fileEncoding = 4; lastKnownFileType = sourcecode.c.objc; path = BankAppAPIClient.m; sourceTree = "<group>"; };
		04F039F8192618D5006BE202 /* Eduo后台接口说明文档.docx */ = {isa = PBXFileReference; lastKnownFileType = file; path = "Eduo后台接口说明文档.docx"; sourceTree = "<group>"; };
/* End PBXFileReference section */

/* Begin PBXFrameworksBuildPhase section */
		04D236CF1923152C00C6A547 /* Frameworks */ = {
			isa = PBXFrameworksBuildPhase;
			buildActionMask = 2147483647;
			files = (
				04D236D81923152C00C6A547 /* CoreGraphics.framework in Frameworks */,
				04D236DA1923152C00C6A547 /* UIKit.framework in Frameworks */,
				04D236D61923152C00C6A547 /* Foundation.framework in Frameworks */,
			);
			runOnlyForDeploymentPostprocessing = 0;
		};
		04D236EA1923152C00C6A547 /* Frameworks */ = {
			isa = PBXFrameworksBuildPhase;
			buildActionMask = 2147483647;
			files = (
				04D236EF1923152C00C6A547 /* XCTest.framework in Frameworks */,
				04D236F11923152C00C6A547 /* UIKit.framework in Frameworks */,
				04D236F01923152C00C6A547 /* Foundation.framework in Frameworks */,
			);
			runOnlyForDeploymentPostprocessing = 0;
		};
/* End PBXFrameworksBuildPhase section */

/* Begin PBXGroup section */
		0423C31F192AEF1D00B37931 /* PlaceholderImage */ = {
			isa = PBXGroup;
			children = (
				0423C341192B199800B37931 /* icon-gear@2x.png */,
			);
			path = PlaceholderImage;
			sourceTree = "<group>";
		};
		0423C320192B002C00B37931 /* EGOTableViewPullRefresh */ = {
			isa = PBXGroup;
			children = (
				044FD656192DFBB200901AB3 /* EGORefreshTableFootView.h */,
				044FD657192DFBB200901AB3 /* EGORefreshTableFootView.m */,
				0423C321192B002C00B37931 /* EGORefreshTableHeaderView.h */,
				0423C322192B002C00B37931 /* EGORefreshTableHeaderView.m */,
				0423C323192B002C00B37931 /* Resources */,
			);
			path = EGOTableViewPullRefresh;
			sourceTree = "<group>";
		};
		0423C323192B002C00B37931 /* Resources */ = {
			isa = PBXGroup;
			children = (
				0423C324192B002C00B37931 /* blackArrow.png */,
				0423C325192B002C00B37931 /* blackArrow@2x.png */,
				0423C326192B002C00B37931 /* blueArrow.png */,
				0423C327192B002C00B37931 /* blueArrow@2x.png */,
				0423C328192B002C00B37931 /* grayArrow.png */,
				0423C329192B002C00B37931 /* grayArrow@2x.png */,
				0423C32A192B002C00B37931 /* whiteArrow.png */,
				0423C32B192B002C00B37931 /* whiteArrow@2x.png */,
			);
			path = Resources;
			sourceTree = "<group>";
		};
		0423C335192B049000B37931 /* DataSources */ = {
			isa = PBXGroup;
			children = (
				0423C33D192B076600B37931 /* PrivilegeDataSource */,
				0423C336192B049B00B37931 /* PullRefreshTableViewDataSource.h */,
				0423C337192B049B00B37931 /* PullRefreshTableViewDataSource.m */,
			);
			path = DataSources;
			sourceTree = "<group>";
		};
		0423C339192B053C00B37931 /* TableView */ = {
			isa = PBXGroup;
			children = (
				0423C33A192B056500B37931 /* PullRefreshTableView.h */,
				0423C33B192B056500B37931 /* PullRefreshTableView.m */,
			);
			path = TableView;
			sourceTree = "<group>";
		};
		0423C33D192B076600B37931 /* PrivilegeDataSource */ = {
			isa = PBXGroup;
			children = (
				0423C33E192B079000B37931 /* PrivilegeDataSource.h */,
				0423C33F192B079000B37931 /* PrivilegeDataSource.m */,
			);
			path = PrivilegeDataSource;
			sourceTree = "<group>";
		};
		04349480192A04F40003F137 /* Images */ = {
			isa = PBXGroup;
			children = (
				0423C31F192AEF1D00B37931 /* PlaceholderImage */,
			);
			path = Images;
			sourceTree = "<group>";
		};
		04D236C91923152C00C6A547 = {
			isa = PBXGroup;
			children = (
				04D236DB1923152C00C6A547 /* BankYiDou */,
				04D236F41923152C00C6A547 /* BankYiDouTests */,
				04D236D41923152C00C6A547 /* Frameworks */,
				04D236D31923152C00C6A547 /* Products */,
			);
			sourceTree = "<group>";
		};
		04D236D31923152C00C6A547 /* Products */ = {
			isa = PBXGroup;
			children = (
				04D236D21923152C00C6A547 /* BankYiDou.app */,
				04D236ED1923152C00C6A547 /* BankYiDouTests.xctest */,
			);
			name = Products;
			sourceTree = "<group>";
		};
		04D236D41923152C00C6A547 /* Frameworks */ = {
			isa = PBXGroup;
			children = (
				04D236D51923152C00C6A547 /* Foundation.framework */,
				04D236D71923152C00C6A547 /* CoreGraphics.framework */,
				04D236D91923152C00C6A547 /* UIKit.framework */,
				04D236EE1923152C00C6A547 /* XCTest.framework */,
			);
			name = Frameworks;
			sourceTree = "<group>";
		};
		04D236DB1923152C00C6A547 /* BankYiDou */ = {
			isa = PBXGroup;
			children = (
				04349480192A04F40003F137 /* Images */,
				04F039F7192618D5006BE202 /* docs */,
				04F039F1192616F0006BE202 /* Classes */,
				04D237071923159000C6A547 /* ThirdParty */,
				04D237061923157E00C6A547 /* Models */,
				04D237051923156500C6A547 /* Views */,
				04D237041923155900C6A547 /* Controllers */,
				04D236E41923152C00C6A547 /* AppDelegate.h */,
				04D236E51923152C00C6A547 /* AppDelegate.m */,
				04D2370D19233F2400C6A547 /* Main.storyboard */,
				04D236E71923152C00C6A547 /* Images.xcassets */,
				04D236DC1923152C00C6A547 /* Supporting Files */,
			);
			path = BankYiDou;
			sourceTree = "<group>";
		};
		04D236DC1923152C00C6A547 /* Supporting Files */ = {
			isa = PBXGroup;
			children = (
				04D236DD1923152C00C6A547 /* BankYiDou-Info.plist */,
				04D236DE1923152C00C6A547 /* InfoPlist.strings */,
				04D236E11923152C00C6A547 /* main.m */,
				04D236E31923152C00C6A547 /* BankYiDou-Prefix.pch */,
			);
			name = "Supporting Files";
			sourceTree = "<group>";
		};
		04D236F41923152C00C6A547 /* BankYiDouTests */ = {
			isa = PBXGroup;
			children = (
				04D236FA1923152C00C6A547 /* BankYiDouTests.m */,
				04D236F51923152C00C6A547 /* Supporting Files */,
			);
			path = BankYiDouTests;
			sourceTree = "<group>";
		};
		04D236F51923152C00C6A547 /* Supporting Files */ = {
			isa = PBXGroup;
			children = (
				04D236F61923152C00C6A547 /* BankYiDouTests-Info.plist */,
				04D236F71923152C00C6A547 /* InfoPlist.strings */,
			);
			name = "Supporting Files";
			sourceTree = "<group>";
		};
		04D237041923155900C6A547 /* Controllers */ = {
			isa = PBXGroup;
			children = (
				04F039B919261185006BE202 /* PrivilegeViewControllers */,
				04F039B219261067006BE202 /* FrameViewController */,
				04D23708192315DB00C6A547 /* LoginViewControllers */,
			);
			path = Controllers;
			sourceTree = "<group>";
		};
		04D237051923156500C6A547 /* Views */ = {
			isa = PBXGroup;
			children = (
				0423C339192B053C00B37931 /* TableView */,
				0434947A1929E77C0003F137 /* PrivilegeTableViewCell.h */,
				0434947B1929E77C0003F137 /* PrivilegeTableViewCell.m */,
			);
			path = Views;
			sourceTree = "<group>";
		};
		04D237061923157E00C6A547 /* Models */ = {
			isa = PBXGroup;
			children = (
				0434947D1929EC2C0003F137 /* Privilege.h */,
				0434947E1929EC2C0003F137 /* Privilege.m */,
			);
			path = Models;
			sourceTree = "<group>";
		};
		04D237071923159000C6A547 /* ThirdParty */ = {
			isa = PBXGroup;
			children = (
				0423C320192B002C00B37931 /* EGOTableViewPullRefresh */,
				04F039D7192616C0006BE202 /* UIKit+AFNetworking */,
				04F039BA192616AB006BE202 /* AFNetworking */,
			);
			path = ThirdParty;
			sourceTree = "<group>";
		};
		04D23708192315DB00C6A547 /* LoginViewControllers */ = {
			isa = PBXGroup;
			children = (
				04D23709192315EE00C6A547 /* LoginViewController.h */,
				04D2370A192315EE00C6A547 /* LoginViewController.m */,
			);
			path = LoginViewControllers;
			sourceTree = "<group>";
		};
		04F039B219261067006BE202 /* FrameViewController */ = {
			isa = PBXGroup;
			children = (
				04F039B319261091006BE202 /* CustomerTabBarViewController.h */,
				04F039B419261091006BE202 /* CustomerTabBarViewController.m */,
			);
			path = FrameViewController;
			sourceTree = "<group>";
		};
		04F039B919261185006BE202 /* PrivilegeViewControllers */ = {
			isa = PBXGroup;
			children = (
				04F039B61926116F006BE202 /* PrivilegeViewController.h */,
				04F039B71926116F006BE202 /* PrivilegeViewController.m */,
			);
			path = PrivilegeViewControllers;
			sourceTree = "<group>";
		};
		04F039BA192616AB006BE202 /* AFNetworking */ = {
			isa = PBXGroup;
			children = (
				04F039BB192616AB006BE202 /* AFHTTPRequestOperation.h */,
				04F039BC192616AB006BE202 /* AFHTTPRequestOperation.m */,
				04F039BD192616AB006BE202 /* AFHTTPRequestOperationManager.h */,
				04F039BE192616AB006BE202 /* AFHTTPRequestOperationManager.m */,
				04F039BF192616AB006BE202 /* AFHTTPSessionManager.h */,
				04F039C0192616AB006BE202 /* AFHTTPSessionManager.m */,
				04F039C1192616AB006BE202 /* AFNetworking.h */,
				04F039C2192616AB006BE202 /* AFNetworkReachabilityManager.h */,
				04F039C3192616AB006BE202 /* AFNetworkReachabilityManager.m */,
				04F039C4192616AB006BE202 /* AFSecurityPolicy.h */,
				04F039C5192616AB006BE202 /* AFSecurityPolicy.m */,
				04F039C6192616AB006BE202 /* AFURLConnectionOperation.h */,
				04F039C7192616AB006BE202 /* AFURLConnectionOperation.m */,
				04F039C8192616AB006BE202 /* AFURLRequestSerialization.h */,
				04F039C9192616AB006BE202 /* AFURLRequestSerialization.m */,
				04F039CA192616AB006BE202 /* AFURLResponseSerialization.h */,
				04F039CB192616AB006BE202 /* AFURLResponseSerialization.m */,
				04F039CC192616AB006BE202 /* AFURLSessionManager.h */,
				04F039CD192616AB006BE202 /* AFURLSessionManager.m */,
			);
			path = AFNetworking;
			sourceTree = "<group>";
		};
		04F039D7192616C0006BE202 /* UIKit+AFNetworking */ = {
			isa = PBXGroup;
			children = (
				04F039D8192616C0006BE202 /* AFNetworkActivityIndicatorManager.h */,
				04F039D9192616C0006BE202 /* AFNetworkActivityIndicatorManager.m */,
				04F039DA192616C0006BE202 /* UIActivityIndicatorView+AFNetworking.h */,
				04F039DB192616C0006BE202 /* UIActivityIndicatorView+AFNetworking.m */,
				04F039DC192616C0006BE202 /* UIAlertView+AFNetworking.h */,
				04F039DD192616C0006BE202 /* UIAlertView+AFNetworking.m */,
				04F039DE192616C0006BE202 /* UIButton+AFNetworking.h */,
				04F039DF192616C0006BE202 /* UIButton+AFNetworking.m */,
				04F039E0192616C0006BE202 /* UIImageView+AFNetworking.h */,
				04F039E1192616C0006BE202 /* UIImageView+AFNetworking.m */,
				04F039E2192616C0006BE202 /* UIKit+AFNetworking.h */,
				04F039E3192616C0006BE202 /* UIProgressView+AFNetworking.h */,
				04F039E4192616C0006BE202 /* UIProgressView+AFNetworking.m */,
				04F039E5192616C0006BE202 /* UIRefreshControl+AFNetworking.h */,
				04F039E6192616C0006BE202 /* UIRefreshControl+AFNetworking.m */,
				04F039E7192616C0006BE202 /* UIWebView+AFNetworking.h */,
				04F039E8192616C0006BE202 /* UIWebView+AFNetworking.m */,
			);
			path = "UIKit+AFNetworking";
			sourceTree = "<group>";
		};
		04F039F1192616F0006BE202 /* Classes */ = {
			isa = PBXGroup;
			children = (
				0423C335192B049000B37931 /* DataSources */,
				04F039F319261722006BE202 /* Networking */,
			);
			path = Classes;
			sourceTree = "<group>";
		};
		04F039F319261722006BE202 /* Networking */ = {
			isa = PBXGroup;
			children = (
				04F039F419261742006BE202 /* BankAppAPIClient.h */,
				04F039F519261742006BE202 /* BankAppAPIClient.m */,
			);
			path = Networking;
			sourceTree = "<group>";
		};
		04F039F7192618D5006BE202 /* docs */ = {
			isa = PBXGroup;
			children = (
				04F039F8192618D5006BE202 /* Eduo后台接口说明文档.docx */,
			);
			path = docs;
			sourceTree = "<group>";
		};
/* End PBXGroup section */

/* Begin PBXNativeTarget section */
		04D236D11923152C00C6A547 /* BankYiDou */ = {
			isa = PBXNativeTarget;
			buildConfigurationList = 04D236FE1923152C00C6A547 /* Build configuration list for PBXNativeTarget "BankYiDou" */;
			buildPhases = (
				04D236CE1923152C00C6A547 /* Sources */,
				04D236CF1923152C00C6A547 /* Frameworks */,
				04D236D01923152C00C6A547 /* Resources */,
			);
			buildRules = (
			);
			dependencies = (
			);
			name = BankYiDou;
			productName = BankYiDou;
			productReference = 04D236D21923152C00C6A547 /* BankYiDou.app */;
			productType = "com.apple.product-type.application";
		};
		04D236EC1923152C00C6A547 /* BankYiDouTests */ = {
			isa = PBXNativeTarget;
			buildConfigurationList = 04D237011923152C00C6A547 /* Build configuration list for PBXNativeTarget "BankYiDouTests" */;
			buildPhases = (
				04D236E91923152C00C6A547 /* Sources */,
				04D236EA1923152C00C6A547 /* Frameworks */,
				04D236EB1923152C00C6A547 /* Resources */,
			);
			buildRules = (
			);
			dependencies = (
				04D236F31923152C00C6A547 /* PBXTargetDependency */,
			);
			name = BankYiDouTests;
			productName = BankYiDouTests;
			productReference = 04D236ED1923152C00C6A547 /* BankYiDouTests.xctest */;
			productType = "com.apple.product-type.bundle.unit-test";
		};
/* End PBXNativeTarget section */

/* Begin PBXProject section */
		04D236CA1923152C00C6A547 /* Project object */ = {
			isa = PBXProject;
			attributes = {
				LastUpgradeCheck = 0510;
				ORGANIZATIONNAME = zzlmilk;
				TargetAttributes = {
					04D236EC1923152C00C6A547 = {
						TestTargetID = 04D236D11923152C00C6A547;
					};
				};
			};
			buildConfigurationList = 04D236CD1923152C00C6A547 /* Build configuration list for PBXProject "BankYiDou" */;
			compatibilityVersion = "Xcode 3.2";
			developmentRegion = English;
			hasScannedForEncodings = 0;
			knownRegions = (
				en,
			);
			mainGroup = 04D236C91923152C00C6A547;
			productRefGroup = 04D236D31923152C00C6A547 /* Products */;
			projectDirPath = "";
			projectRoot = "";
			targets = (
				04D236D11923152C00C6A547 /* BankYiDou */,
				04D236EC1923152C00C6A547 /* BankYiDouTests */,
			);
		};
/* End PBXProject section */

/* Begin PBXResourcesBuildPhase section */
		04D236D01923152C00C6A547 /* Resources */ = {
			isa = PBXResourcesBuildPhase;
			buildActionMask = 2147483647;
			files = (
				04F039F9192618D5006BE202 /* Eduo后台接口说明文档.docx in Resources */,
				0423C333192B002C00B37931 /* whiteArrow.png in Resources */,
				0423C32E192B002C00B37931 /* blackArrow@2x.png in Resources */,
				0423C334192B002C00B37931 /* whiteArrow@2x.png in Resources */,
				0423C331192B002C00B37931 /* grayArrow.png in Resources */,
				0423C342192B199800B37931 /* icon-gear@2x.png in Resources */,
				0423C32D192B002C00B37931 /* blackArrow.png in Resources */,
				0423C332192B002C00B37931 /* grayArrow@2x.png in Resources */,
				0423C32F192B002C00B37931 /* blueArrow.png in Resources */,
				04D2370E19233F2400C6A547 /* Main.storyboard in Resources */,
				0423C330192B002C00B37931 /* blueArrow@2x.png in Resources */,
				04D236E01923152C00C6A547 /* InfoPlist.strings in Resources */,
				04D236E81923152C00C6A547 /* Images.xcassets in Resources */,
			);
			runOnlyForDeploymentPostprocessing = 0;
		};
		04D236EB1923152C00C6A547 /* Resources */ = {
			isa = PBXResourcesBuildPhase;
			buildActionMask = 2147483647;
			files = (
				04D236F91923152C00C6A547 /* InfoPlist.strings in Resources */,
			);
			runOnlyForDeploymentPostprocessing = 0;
		};
/* End PBXResourcesBuildPhase section */

/* Begin PBXSourcesBuildPhase section */
		04D236CE1923152C00C6A547 /* Sources */ = {
			isa = PBXSourcesBuildPhase;
			buildActionMask = 2147483647;
			files = (
				04F039D3192616AB006BE202 /* AFURLConnectionOperation.m in Sources */,
				04F039CE192616AB006BE202 /* AFHTTPRequestOperation.m in Sources */,
				04F039EC192616C0006BE202 /* UIButton+AFNetworking.m in Sources */,
				0434947F1929EC2C0003F137 /* Privilege.m in Sources */,
				04F039D1192616AB006BE202 /* AFNetworkReachabilityManager.m in Sources */,
				04F039EE192616C0006BE202 /* UIProgressView+AFNetworking.m in Sources */,
				0434947C1929E77C0003F137 /* PrivilegeTableViewCell.m in Sources */,
				04F039D6192616AB006BE202 /* AFURLSessionManager.m in Sources */,
				0423C33C192B056500B37931 /* PullRefreshTableView.m in Sources */,
				04F039D4192616AB006BE202 /* AFURLRequestSerialization.m in Sources */,
				04D236E61923152C00C6A547 /* AppDelegate.m in Sources */,
				04F039EF192616C0006BE202 /* UIRefreshControl+AFNetworking.m in Sources */,
				04F039D5192616AB006BE202 /* AFURLResponseSerialization.m in Sources */,
				04D236E21923152C00C6A547 /* main.m in Sources */,
				04F039ED192616C0006BE202 /* UIImageView+AFNetworking.m in Sources */,
				04F039B519261091006BE202 /* CustomerTabBarViewController.m in Sources */,
				04F039EB192616C0006BE202 /* UIAlertView+AFNetworking.m in Sources */,
				04F039CF192616AB006BE202 /* AFHTTPRequestOperationManager.m in Sources */,
				0423C338192B049B00B37931 /* PullRefreshTableViewDataSource.m in Sources */,
				0423C340192B079000B37931 /* PrivilegeDataSource.m in Sources */,
				04F039F619261742006BE202 /* BankAppAPIClient.m in Sources */,
				04F039D2192616AB006BE202 /* AFSecurityPolicy.m in Sources */,
				04F039F0192616C0006BE202 /* UIWebView+AFNetworking.m in Sources */,
				04D2370B192315EE00C6A547 /* LoginViewController.m in Sources */,
				04F039B81926116F006BE202 /* PrivilegeViewController.m in Sources */,
				04F039D0192616AB006BE202 /* AFHTTPSessionManager.m in Sources */,
				04F039EA192616C0006BE202 /* UIActivityIndicatorView+AFNetworking.m in Sources */,
				0423C32C192B002C00B37931 /* EGORefreshTableHeaderView.m in Sources */,
				04F039E9192616C0006BE202 /* AFNetworkActivityIndicatorManager.m in Sources */,
				044FD658192DFBB200901AB3 /* EGORefreshTableFootView.m in Sources */,
			);
			runOnlyForDeploymentPostprocessing = 0;
		};
		04D236E91923152C00C6A547 /* Sources */ = {
			isa = PBXSourcesBuildPhase;
			buildActionMask = 2147483647;
			files = (
				04D236FB1923152C00C6A547 /* BankYiDouTests.m in Sources */,
			);
			runOnlyForDeploymentPostprocessing = 0;
		};
/* End PBXSourcesBuildPhase section */

/* Begin PBXTargetDependency section */
		04D236F31923152C00C6A547 /* PBXTargetDependency */ = {
			isa = PBXTargetDependency;
			target = 04D236D11923152C00C6A547 /* BankYiDou */;
			targetProxy = 04D236F21923152C00C6A547 /* PBXContainerItemProxy */;
		};
/* End PBXTargetDependency section */

/* Begin PBXVariantGroup section */
		04D236DE1923152C00C6A547 /* InfoPlist.strings */ = {
			isa = PBXVariantGroup;
			children = (
				04D236DF1923152C00C6A547 /* en */,
			);
			name = InfoPlist.strings;
			sourceTree = "<group>";
		};
		04D236F71923152C00C6A547 /* InfoPlist.strings */ = {
			isa = PBXVariantGroup;
			children = (
				04D236F81923152C00C6A547 /* en */,
			);
			name = InfoPlist.strings;
			sourceTree = "<group>";
		};
/* End PBXVariantGroup section */

/* Begin XCBuildConfiguration section */
		04D236FC1923152C00C6A547 /* Debug */ = {
			isa = XCBuildConfiguration;
			buildSettings = {
				ALWAYS_SEARCH_USER_PATHS = NO;
				CLANG_CXX_LANGUAGE_STANDARD = "gnu++0x";
				CLANG_CXX_LIBRARY = "libc++";
				CLANG_ENABLE_MODULES = YES;
				CLANG_ENABLE_OBJC_ARC = YES;
				CLANG_WARN_BOOL_CONVERSION = YES;
				CLANG_WARN_CONSTANT_CONVERSION = YES;
				CLANG_WARN_DIRECT_OBJC_ISA_USAGE = YES_ERROR;
				CLANG_WARN_EMPTY_BODY = YES;
				CLANG_WARN_ENUM_CONVERSION = YES;
				CLANG_WARN_INT_CONVERSION = YES;
				CLANG_WARN_OBJC_ROOT_CLASS = YES_ERROR;
				CLANG_WARN__DUPLICATE_METHOD_MATCH = YES;
				"CODE_SIGN_IDENTITY[sdk=iphoneos*]" = "iPhone Developer";
				COPY_PHASE_STRIP = NO;
				GCC_C_LANGUAGE_STANDARD = gnu99;
				GCC_DYNAMIC_NO_PIC = NO;
				GCC_OPTIMIZATION_LEVEL = 0;
				GCC_PREPROCESSOR_DEFINITIONS = (
					"DEBUG=1",
					"$(inherited)",
				);
				GCC_SYMBOLS_PRIVATE_EXTERN = NO;
				GCC_WARN_64_TO_32_BIT_CONVERSION = YES;
				GCC_WARN_ABOUT_RETURN_TYPE = YES_ERROR;
				GCC_WARN_UNDECLARED_SELECTOR = YES;
				GCC_WARN_UNINITIALIZED_AUTOS = YES_AGGRESSIVE;
				GCC_WARN_UNUSED_FUNCTION = YES;
				GCC_WARN_UNUSED_VARIABLE = YES;
				IPHONEOS_DEPLOYMENT_TARGET = 7.1;
				ONLY_ACTIVE_ARCH = YES;
				SDKROOT = iphoneos;
			};
			name = Debug;
		};
		04D236FD1923152C00C6A547 /* Release */ = {
			isa = XCBuildConfiguration;
			buildSettings = {
				ALWAYS_SEARCH_USER_PATHS = NO;
				CLANG_CXX_LANGUAGE_STANDARD = "gnu++0x";
				CLANG_CXX_LIBRARY = "libc++";
				CLANG_ENABLE_MODULES = YES;
				CLANG_ENABLE_OBJC_ARC = YES;
				CLANG_WARN_BOOL_CONVERSION = YES;
				CLANG_WARN_CONSTANT_CONVERSION = YES;
				CLANG_WARN_DIRECT_OBJC_ISA_USAGE = YES_ERROR;
				CLANG_WARN_EMPTY_BODY = YES;
				CLANG_WARN_ENUM_CONVERSION = YES;
				CLANG_WARN_INT_CONVERSION = YES;
				CLANG_WARN_OBJC_ROOT_CLASS = YES_ERROR;
				CLANG_WARN__DUPLICATE_METHOD_MATCH = YES;
				"CODE_SIGN_IDENTITY[sdk=iphoneos*]" = "iPhone Developer";
				COPY_PHASE_STRIP = YES;
				ENABLE_NS_ASSERTIONS = NO;
				GCC_C_LANGUAGE_STANDARD = gnu99;
				GCC_WARN_64_TO_32_BIT_CONVERSION = YES;
				GCC_WARN_ABOUT_RETURN_TYPE = YES_ERROR;
				GCC_WARN_UNDECLARED_SELECTOR = YES;
				GCC_WARN_UNINITIALIZED_AUTOS = YES_AGGRESSIVE;
				GCC_WARN_UNUSED_FUNCTION = YES;
				GCC_WARN_UNUSED_VARIABLE = YES;
				IPHONEOS_DEPLOYMENT_TARGET = 7.1;
				SDKROOT = iphoneos;
				VALIDATE_PRODUCT = YES;
			};
			name = Release;
		};
		04D236FF1923152C00C6A547 /* Debug */ = {
			isa = XCBuildConfiguration;
			buildSettings = {
				ASSETCATALOG_COMPILER_APPICON_NAME = AppIcon;
				ASSETCATALOG_COMPILER_LAUNCHIMAGE_NAME = LaunchImage;
				GCC_PRECOMPILE_PREFIX_HEADER = YES;
				GCC_PREFIX_HEADER = "BankYiDou/BankYiDou-Prefix.pch";
				INFOPLIST_FILE = "BankYiDou/BankYiDou-Info.plist";
				PRODUCT_NAME = "$(TARGET_NAME)";
				WRAPPER_EXTENSION = app;
			};
			name = Debug;
		};
		04D237001923152C00C6A547 /* Release */ = {
			isa = XCBuildConfiguration;
			buildSettings = {
				ASSETCATALOG_COMPILER_APPICON_NAME = AppIcon;
				ASSETCATALOG_COMPILER_LAUNCHIMAGE_NAME = LaunchImage;
				GCC_PRECOMPILE_PREFIX_HEADER = YES;
				GCC_PREFIX_HEADER = "BankYiDou/BankYiDou-Prefix.pch";
				INFOPLIST_FILE = "BankYiDou/BankYiDou-Info.plist";
				PRODUCT_NAME = "$(TARGET_NAME)";
				WRAPPER_EXTENSION = app;
			};
			name = Release;
		};
		04D237021923152C00C6A547 /* Debug */ = {
			isa = XCBuildConfiguration;
			buildSettings = {
				BUNDLE_LOADER = "$(BUILT_PRODUCTS_DIR)/BankYiDou.app/BankYiDou";
				FRAMEWORK_SEARCH_PATHS = (
					"$(SDKROOT)/Developer/Library/Frameworks",
					"$(inherited)",
					"$(DEVELOPER_FRAMEWORKS_DIR)",
				);
				GCC_PRECOMPILE_PREFIX_HEADER = YES;
				GCC_PREFIX_HEADER = "BankYiDou/BankYiDou-Prefix.pch";
				GCC_PREPROCESSOR_DEFINITIONS = (
					"DEBUG=1",
					"$(inherited)",
				);
				INFOPLIST_FILE = "BankYiDouTests/BankYiDouTests-Info.plist";
				PRODUCT_NAME = "$(TARGET_NAME)";
				TEST_HOST = "$(BUNDLE_LOADER)";
				WRAPPER_EXTENSION = xctest;
			};
			name = Debug;
		};
		04D237031923152C00C6A547 /* Release */ = {
			isa = XCBuildConfiguration;
			buildSettings = {
				BUNDLE_LOADER = "$(BUILT_PRODUCTS_DIR)/BankYiDou.app/BankYiDou";
				FRAMEWORK_SEARCH_PATHS = (
					"$(SDKROOT)/Developer/Library/Frameworks",
					"$(inherited)",
					"$(DEVELOPER_FRAMEWORKS_DIR)",
				);
				GCC_PRECOMPILE_PREFIX_HEADER = YES;
				GCC_PREFIX_HEADER = "BankYiDou/BankYiDou-Prefix.pch";
				INFOPLIST_FILE = "BankYiDouTests/BankYiDouTests-Info.plist";
				PRODUCT_NAME = "$(TARGET_NAME)";
				TEST_HOST = "$(BUNDLE_LOADER)";
				WRAPPER_EXTENSION = xctest;
			};
			name = Release;
		};
/* End XCBuildConfiguration section */

/* Begin XCConfigurationList section */
		04D236CD1923152C00C6A547 /* Build configuration list for PBXProject "BankYiDou" */ = {
			isa = XCConfigurationList;
			buildConfigurations = (
				04D236FC1923152C00C6A547 /* Debug */,
				04D236FD1923152C00C6A547 /* Release */,
			);
			defaultConfigurationIsVisible = 0;
			defaultConfigurationName = Release;
		};
		04D236FE1923152C00C6A547 /* Build configuration list for PBXNativeTarget "BankYiDou" */ = {
			isa = XCConfigurationList;
			buildConfigurations = (
				04D236FF1923152C00C6A547 /* Debug */,
				04D237001923152C00C6A547 /* Release */,
			);
			defaultConfigurationIsVisible = 0;
			defaultConfigurationName = Release;
		};
		04D237011923152C00C6A547 /* Build configuration list for PBXNativeTarget "BankYiDouTests" */ = {
			isa = XCConfigurationList;
			buildConfigurations = (
				04D237021923152C00C6A547 /* Debug */,
				04D237031923152C00C6A547 /* Release */,
			);
			defaultConfigurationIsVisible = 0;
			defaultConfigurationName = Release;
		};
/* End XCConfigurationList section */
	};
	rootObject = 04D236CA1923152C00C6A547 /* Project object */;
}
